
Microsoft Visual Studio Solution File, Format Version 12.00
# Visual Studio Version 16
VisualStudioVersion = 16.0.31605.320
MinimumVisualStudioVersion = 10.0.40219.1
Project("{FAE04EC0-301F-11D3-BF4B-00C04F79EFBC}") = "Lab04-03", "Lab04-03.csproj", "{3698EDA3-CB4F-4950-B3FE-94CF732F4064}"
EndProject
Global
	GlobalSection(SolutionConfigurationPlatforms) = preSolution
		Debug|Any CPU = Debug|Any CPU
		Release|Any CPU = Release|Any CPU
	EndGlobalSection
	GlobalSection(ProjectConfigurationPlatforms) = postSolution
		{3698EDA3-CB4F-4950-B3FE-94CF732F4064}.Debug|Any CPU.ActiveCfg = Debug|Any CPU
		{3698EDA3-CB4F-4950-B3FE-94CF732F4064}.Debug|Any CPU.Build.0 = Debug|Any CPU
		{3698EDA3-CB4F-4950-B3FE-94CF732F4064}.Release|Any CPU.ActiveCfg = Release|Any CPU
		{3698EDA3-CB4F-4950-B3FE-94CF732F4064}.Release|Any CPU.Build.0 = Release|Any CPU
	EndGlobalSection
	GlobalSection(SolutionProperties) = preSolution
		HideSolutionNode = FALSE
	EndGlobalSection
	GlobalSection(ExtensibilityGlobals) = postSolution
		SolutionGuid = {35C7AA24-5945-44FB-B57A-2EB56BE93B70}
	EndGlobalSection
EndGlobal
